
Microsoft Visual Studio Solution File, Format Version 12.00
# Visual Studio Version 16
VisualStudioVersion = 16.0.32106.194
MinimumVisualStudioVersion = 10.0.40219.1
Project("{FAE04EC0-301F-11D3-BF4B-00C04F79EFBC}") = "HermesProxy", "HermesProxy\HermesProxy.csproj", "{2922D5E8-A903-4CD0-903D-F5CB7DC0648C}"
EndProject
Global
	GlobalSection(SolutionConfigurationPlatforms) = preSolution
		Debug|Any CPU = Debug|Any CPU
		Release|Any CPU = Release|Any CPU
	EndGlobalSection
	GlobalSection(ProjectConfigurationPlatforms) = postSolution
		{2922D5E8-A903-4CD0-903D-F5CB7DC0648C}.Debug|Any CPU.ActiveCfg = Debug|Any CPU
		{2922D5E8-A903-4CD0-903D-F5CB7DC0648C}.Debug|Any CPU.Build.0 = Debug|Any CPU
		{2922D5E8-A903-4CD0-903D-F5CB7DC0648C}.Release|Any CPU.ActiveCfg = Release|Any CPU
		{2922D5E8-A903-4CD0-903D-F5CB7DC0648C}.Release|Any CPU.Build.0 = Release|Any CPU
	EndGlobalSection
	GlobalSection(SolutionProperties) = preSolution
		HideSolutionNode = FALSE
	EndGlobalSection
	GlobalSection(ExtensibilityGlobals) = postSolution
		SolutionGuid = {1C33C340-153D-4A56-8F6B-AD2072B5FC82}
	EndGlobalSection
EndGlobal
