
Microsoft Visual Studio Solution File, Format Version 12.00
# Visual Studio Version 16
VisualStudioVersion = 16.0.32106.194
MinimumVisualStudioVersion = 10.0.40219.1
Project("{9A19103F-16F7-4668-BE54-9A1E7A4F7556}") = "HermesProxy", "HermesProxy\HermesProxy.csproj", "{EEBFCEE3-CFAC-4D2E-927F-8E24E07A4218}"
EndProject
Project("{9A19103F-16F7-4668-BE54-9A1E7A4F7556}") = "Framework", "Framework\Framework.csproj", "{2F7515AD-18E3-4ACA-A14B-1929F76299E7}"
EndProject
Global
	GlobalSection(SolutionConfigurationPlatforms) = preSolution
		Debug|Any CPU = Debug|Any CPU
		Debug|x64 = Debug|x64
		Release|Any CPU = Release|Any CPU
		Release|x64 = Release|x64
	EndGlobalSection
	GlobalSection(ProjectConfigurationPlatforms) = postSolution
		{EEBFCEE3-CFAC-4D2E-927F-8E24E07A4218}.Debug|Any CPU.ActiveCfg = Release|win-x64
		{EEBFCEE3-CFAC-4D2E-927F-8E24E07A4218}.Debug|Any CPU.Build.0 = Release|win-x64
		{EEBFCEE3-CFAC-4D2E-927F-8E24E07A4218}.Debug|x64.ActiveCfg = Debug|x64
		{EEBFCEE3-CFAC-4D2E-927F-8E24E07A4218}.Debug|x64.Build.0 = Debug|x64
		{EEBFCEE3-CFAC-4D2E-927F-8E24E07A4218}.Release|Any CPU.ActiveCfg = Release|x64
		{EEBFCEE3-CFAC-4D2E-927F-8E24E07A4218}.Release|Any CPU.Build.0 = Release|x64
		{EEBFCEE3-CFAC-4D2E-927F-8E24E07A4218}.Release|x64.ActiveCfg = Release|x64
		{EEBFCEE3-CFAC-4D2E-927F-8E24E07A4218}.Release|x64.Build.0 = Release|x64
		{2F7515AD-18E3-4ACA-A14B-1929F76299E7}.Debug|Any CPU.ActiveCfg = Release|x64
		{2F7515AD-18E3-4ACA-A14B-1929F76299E7}.Debug|x64.ActiveCfg = Debug|x64
		{2F7515AD-18E3-4ACA-A14B-1929F76299E7}.Debug|x64.Build.0 = Debug|x64
		{2F7515AD-18E3-4ACA-A14B-1929F76299E7}.Release|Any CPU.ActiveCfg = Release|x64
		{2F7515AD-18E3-4ACA-A14B-1929F76299E7}.Release|x64.ActiveCfg = Release|x64
		{2F7515AD-18E3-4ACA-A14B-1929F76299E7}.Release|x64.Build.0 = Release|x64
	EndGlobalSection
	GlobalSection(SolutionProperties) = preSolution
		HideSolutionNode = FALSE
	EndGlobalSection
	GlobalSection(ExtensibilityGlobals) = postSolution
		SolutionGuid = {1C33C340-153D-4A56-8F6B-AD2072B5FC82}
	EndGlobalSection
EndGlobal
